
Microsoft Visual Studio Solution File, Format Version 12.00
# Visual Studio Version 17
VisualStudioVersion = 17.6.33815.320
MinimumVisualStudioVersion = 10.0.40219.1
Project("{FAE04EC0-301F-11D3-BF4B-00C04F79EFBC}") = "vkChatBot", "vkChatBot\vkChatBot.csproj", "{A1AE47AC-D3AA-4DD7-91A3-66CC7AC7BD29}"
EndProject
Global
	GlobalSection(SolutionConfigurationPlatforms) = preSolution
		Debug|Any CPU = Debug|Any CPU
		Release|Any CPU = Release|Any CPU
	EndGlobalSection
	GlobalSection(ProjectConfigurationPlatforms) = postSolution
		{A1AE47AC-D3AA-4DD7-91A3-66CC7AC7BD29}.Debug|Any CPU.ActiveCfg = Debug|Any CPU
		{A1AE47AC-D3AA-4DD7-91A3-66CC7AC7BD29}.Debug|Any CPU.Build.0 = Debug|Any CPU
		{A1AE47AC-D3AA-4DD7-91A3-66CC7AC7BD29}.Release|Any CPU.ActiveCfg = Release|Any CPU
		{A1AE47AC-D3AA-4DD7-91A3-66CC7AC7BD29}.Release|Any CPU.Build.0 = Release|Any CPU
	EndGlobalSection
	GlobalSection(SolutionProperties) = preSolution
		HideSolutionNode = FALSE
	EndGlobalSection
	GlobalSection(ExtensibilityGlobals) = postSolution
		SolutionGuid = {B684656D-1E41-44E9-B2F7-C7FC92E19A10}
	EndGlobalSection
EndGlobal
