
Microsoft Visual Studio Solution File, Format Version 12.00
# Visual Studio 15
VisualStudioVersion = 15.0.33529.398
MinimumVisualStudioVersion = 10.0.40219.1
Project("{FAE04EC0-301F-11D3-BF4B-00C04F79EFBC}") = "Prototip", "Prototip\Prototip.csproj", "{F754A88F-514F-42D6-AEB4-8D9CDC3419FB}"
EndProject
Global
	GlobalSection(SolutionConfigurationPlatforms) = preSolution
		Debug|Any CPU = Debug|Any CPU
		Release|Any CPU = Release|Any CPU
	EndGlobalSection
	GlobalSection(ProjectConfigurationPlatforms) = postSolution
		{F754A88F-514F-42D6-AEB4-8D9CDC3419FB}.Debug|Any CPU.ActiveCfg = Debug|Any CPU
		{F754A88F-514F-42D6-AEB4-8D9CDC3419FB}.Debug|Any CPU.Build.0 = Debug|Any CPU
		{F754A88F-514F-42D6-AEB4-8D9CDC3419FB}.Release|Any CPU.ActiveCfg = Release|Any CPU
		{F754A88F-514F-42D6-AEB4-8D9CDC3419FB}.Release|Any CPU.Build.0 = Release|Any CPU
	EndGlobalSection
	GlobalSection(SolutionProperties) = preSolution
		HideSolutionNode = FALSE
	EndGlobalSection
	GlobalSection(ExtensibilityGlobals) = postSolution
		SolutionGuid = {B8A8CFD7-476C-4C43-BCBE-653AE9F53B61}
	EndGlobalSection
EndGlobal
